// !$*UTF8*$!
{
	archiveVersion = 1;
	classes = {
	};
	objectVersion = 46;
	objects = {

/* Begin PBXBuildFile section */
		521890C41ABC431700E79E42 /* NewGroupController.swift in Sources */ = {isa = PBXBuildFile; fileRef = 521890C31ABC431700E79E42 /* NewGroupController.swift */; };
		521890C61ABC445200E79E42 /* GroupController.swift in Sources */ = {isa = PBXBuildFile; fileRef = 521890C51ABC445200E79E42 /* GroupController.swift */; };
		521890C81ABC4BFB00E79E42 /* OrderListController.swift in Sources */ = {isa = PBXBuildFile; fileRef = 521890C71ABC4BFB00E79E42 /* OrderListController.swift */; };
		52411DD71AD67608002941CA /* SortByActiveCell.swift in Sources */ = {isa = PBXBuildFile; fileRef = 52411DD61AD67608002941CA /* SortByActiveCell.swift */; };
		52411DD91AD67681002941CA /* VibrateCell.swift in Sources */ = {isa = PBXBuildFile; fileRef = 52411DD81AD67681002941CA /* VibrateCell.swift */; };
		5253F0631AA8624E00C458E3 /* AppDelegate.swift in Sources */ = {isa = PBXBuildFile; fileRef = 5253F0621AA8624E00C458E3 /* AppDelegate.swift */; };
		5253F0651AA8624E00C458E3 /* LoginController.swift in Sources */ = {isa = PBXBuildFile; fileRef = 5253F0641AA8624E00C458E3 /* LoginController.swift */; };
		5253F0681AA8624E00C458E3 /* Main.storyboard in Resources */ = {isa = PBXBuildFile; fileRef = 5253F0661AA8624E00C458E3 /* Main.storyboard */; };
		5253F06A1AA8624E00C458E3 /* Images.xcassets in Resources */ = {isa = PBXBuildFile; fileRef = 5253F0691AA8624E00C458E3 /* Images.xcassets */; };
		5253F06D1AA8624E00C458E3 /* LaunchScreen.xib in Resources */ = {isa = PBXBuildFile; fileRef = 5253F06B1AA8624E00C458E3 /* LaunchScreen.xib */; };
		5253F0791AA8624E00C458E3 /* FrietAppTests.swift in Sources */ = {isa = PBXBuildFile; fileRef = 5253F0781AA8624E00C458E3 /* FrietAppTests.swift */; };
		52D1CCC31AD7EDCB00032AF6 /* DishesController.swift in Sources */ = {isa = PBXBuildFile; fileRef = 52D1CCC21AD7EDCB00032AF6 /* DishesController.swift */; };
		52D1CCC51AD7F99100032AF6 /* Dish.swift in Sources */ = {isa = PBXBuildFile; fileRef = 52D1CCC41AD7F99100032AF6 /* Dish.swift */; };
		52D1CCC71AD7F9B200032AF6 /* DishCell.swift in Sources */ = {isa = PBXBuildFile; fileRef = 52D1CCC61AD7F9B200032AF6 /* DishCell.swift */; };
		52D1CCCB1AD816A900032AF6 /* MakeOrderController.swift in Sources */ = {isa = PBXBuildFile; fileRef = 52D1CCCA1AD816A900032AF6 /* MakeOrderController.swift */; };
		52D1CCCD1AD81DA300032AF6 /* CoreLocation.framework in Frameworks */ = {isa = PBXBuildFile; fileRef = 52D1CCCC1AD81DA300032AF6 /* CoreLocation.framework */; settings = {ATTRIBUTES = (Required, ); }; };
		52D1CCCF1AD8266800032AF6 /* Snackbar.swift in Sources */ = {isa = PBXBuildFile; fileRef = 52D1CCCE1AD8266800032AF6 /* Snackbar.swift */; };
		52D6EE551AD5250700613D1A /* Group.swift in Sources */ = {isa = PBXBuildFile; fileRef = 52D6EE541AD5250700613D1A /* Group.swift */; };
		52D6EE571AD52DEF00613D1A /* RegistrerenController.swift in Sources */ = {isa = PBXBuildFile; fileRef = 52D6EE561AD52DEF00613D1A /* RegistrerenController.swift */; };
		52D6EE591AD55FCE00613D1A /* Order.swift in Sources */ = {isa = PBXBuildFile; fileRef = 52D6EE581AD55FCE00613D1A /* Order.swift */; };
		52D6EE5B1AD56EB900613D1A /* OrderCell.swift in Sources */ = {isa = PBXBuildFile; fileRef = 52D6EE5A1AD56EB900613D1A /* OrderCell.swift */; };
		CE3771D81AD5C810002E295B /* SettingsController.swift in Sources */ = {isa = PBXBuildFile; fileRef = CE3771D71AD5C810002E295B /* SettingsController.swift */; };
		CE652E0A1AD477E5008FF7B1 /* GroupCell.swift in Sources */ = {isa = PBXBuildFile; fileRef = CE652E091AD477E5008FF7B1 /* GroupCell.swift */; };
		CEF4EB6B1AD85864009C8F04 /* SnackbarCell.swift in Sources */ = {isa = PBXBuildFile; fileRef = CEF4EB6A1AD85864009C8F04 /* SnackbarCell.swift */; };
/* End PBXBuildFile section */

/* Begin PBXContainerItemProxy section */
		5253F0731AA8624E00C458E3 /* PBXContainerItemProxy */ = {
			isa = PBXContainerItemProxy;
			containerPortal = 5253F0551AA8624E00C458E3 /* Project object */;
			proxyType = 1;
			remoteGlobalIDString = 5253F05C1AA8624E00C458E3;
			remoteInfo = FrietApp;
		};
/* End PBXContainerItemProxy section */

/* Begin PBXFileReference section */
		521890C31ABC431700E79E42 /* NewGroupController.swift */ = {isa = PBXFileReference; fileEncoding = 4; lastKnownFileType = sourcecode.swift; path = NewGroupController.swift; sourceTree = "<group>"; };
		521890C51ABC445200E79E42 /* GroupController.swift */ = {isa = PBXFileReference; fileEncoding = 4; lastKnownFileType = sourcecode.swift; path = GroupController.swift; sourceTree = "<group>"; };
		521890C71ABC4BFB00E79E42 /* OrderListController.swift */ = {isa = PBXFileReference; fileEncoding = 4; lastKnownFileType = sourcecode.swift; path = OrderListController.swift; sourceTree = "<group>"; };
		52411DD61AD67608002941CA /* SortByActiveCell.swift */ = {isa = PBXFileReference; fileEncoding = 4; lastKnownFileType = sourcecode.swift; path = SortByActiveCell.swift; sourceTree = "<group>"; };
		52411DD81AD67681002941CA /* VibrateCell.swift */ = {isa = PBXFileReference; fileEncoding = 4; lastKnownFileType = sourcecode.swift; path = VibrateCell.swift; sourceTree = "<group>"; };
		5253F05D1AA8624E00C458E3 /* FrietApp.app */ = {isa = PBXFileReference; explicitFileType = wrapper.application; includeInIndex = 0; path = FrietApp.app; sourceTree = BUILT_PRODUCTS_DIR; };
		5253F0611AA8624E00C458E3 /* Info.plist */ = {isa = PBXFileReference; lastKnownFileType = text.plist.xml; path = Info.plist; sourceTree = "<group>"; };
		5253F0621AA8624E00C458E3 /* AppDelegate.swift */ = {isa = PBXFileReference; lastKnownFileType = sourcecode.swift; path = AppDelegate.swift; sourceTree = "<group>"; };
		5253F0641AA8624E00C458E3 /* LoginController.swift */ = {isa = PBXFileReference; lastKnownFileType = sourcecode.swift; path = LoginController.swift; sourceTree = "<group>"; };
		5253F0671AA8624E00C458E3 /* Base */ = {isa = PBXFileReference; lastKnownFileType = file.storyboard; name = Base; path = Base.lproj/Main.storyboard; sourceTree = "<group>"; };
		5253F0691AA8624E00C458E3 /* Images.xcassets */ = {isa = PBXFileReference; lastKnownFileType = folder.assetcatalog; path = Images.xcassets; sourceTree = "<group>"; };
		5253F06C1AA8624E00C458E3 /* Base */ = {isa = PBXFileReference; lastKnownFileType = file.xib; name = Base; path = Base.lproj/LaunchScreen.xib; sourceTree = "<group>"; };
		5253F0721AA8624E00C458E3 /* FrietAppTests.xctest */ = {isa = PBXFileReference; explicitFileType = wrapper.cfbundle; includeInIndex = 0; path = FrietAppTests.xctest; sourceTree = BUILT_PRODUCTS_DIR; };
		5253F0771AA8624E00C458E3 /* Info.plist */ = {isa = PBXFileReference; lastKnownFileType = text.plist.xml; path = Info.plist; sourceTree = "<group>"; };
		5253F0781AA8624E00C458E3 /* FrietAppTests.swift */ = {isa = PBXFileReference; lastKnownFileType = sourcecode.swift; path = FrietAppTests.swift; sourceTree = "<group>"; };
		52D1CCC21AD7EDCB00032AF6 /* DishesController.swift */ = {isa = PBXFileReference; fileEncoding = 4; lastKnownFileType = sourcecode.swift; path = DishesController.swift; sourceTree = "<group>"; };
		52D1CCC41AD7F99100032AF6 /* Dish.swift */ = {isa = PBXFileReference; fileEncoding = 4; lastKnownFileType = sourcecode.swift; path = Dish.swift; sourceTree = "<group>"; };
		52D1CCC61AD7F9B200032AF6 /* DishCell.swift */ = {isa = PBXFileReference; fileEncoding = 4; lastKnownFileType = sourcecode.swift; path = DishCell.swift; sourceTree = "<group>"; };
		52D1CCCA1AD816A900032AF6 /* MakeOrderController.swift */ = {isa = PBXFileReference; fileEncoding = 4; lastKnownFileType = sourcecode.swift; path = MakeOrderController.swift; sourceTree = "<group>"; };
		52D1CCCC1AD81DA300032AF6 /* CoreLocation.framework */ = {isa = PBXFileReference; lastKnownFileType = wrapper.framework; name = CoreLocation.framework; path = System/Library/Frameworks/CoreLocation.framework; sourceTree = SDKROOT; };
		52D1CCCE1AD8266800032AF6 /* Snackbar.swift */ = {isa = PBXFileReference; fileEncoding = 4; lastKnownFileType = sourcecode.swift; path = Snackbar.swift; sourceTree = "<group>"; };
		52D6EE541AD5250700613D1A /* Group.swift */ = {isa = PBXFileReference; fileEncoding = 4; lastKnownFileType = sourcecode.swift; path = Group.swift; sourceTree = "<group>"; };
		52D6EE561AD52DEF00613D1A /* RegistrerenController.swift */ = {isa = PBXFileReference; fileEncoding = 4; lastKnownFileType = sourcecode.swift; path = RegistrerenController.swift; sourceTree = "<group>"; };
		52D6EE581AD55FCE00613D1A /* Order.swift */ = {isa = PBXFileReference; fileEncoding = 4; lastKnownFileType = sourcecode.swift; path = Order.swift; sourceTree = "<group>"; };
		52D6EE5A1AD56EB900613D1A /* OrderCell.swift */ = {isa = PBXFileReference; fileEncoding = 4; lastKnownFileType = sourcecode.swift; path = OrderCell.swift; sourceTree = "<group>"; };
		CE3771D71AD5C810002E295B /* SettingsController.swift */ = {isa = PBXFileReference; fileEncoding = 4; lastKnownFileType = sourcecode.swift; path = SettingsController.swift; sourceTree = "<group>"; };
		CE652E091AD477E5008FF7B1 /* GroupCell.swift */ = {isa = PBXFileReference; fileEncoding = 4; lastKnownFileType = sourcecode.swift; path = GroupCell.swift; sourceTree = "<group>"; };
		CEF4EB6A1AD85864009C8F04 /* SnackbarCell.swift */ = {isa = PBXFileReference; fileEncoding = 4; lastKnownFileType = sourcecode.swift; path = SnackbarCell.swift; sourceTree = "<group>"; };
/* End PBXFileReference section */

/* Begin PBXFrameworksBuildPhase section */
		5253F05A1AA8624E00C458E3 /* Frameworks */ = {
			isa = PBXFrameworksBuildPhase;
			buildActionMask = 2147483647;
			files = (
				52D1CCCD1AD81DA300032AF6 /* CoreLocation.framework in Frameworks */,
			);
			runOnlyForDeploymentPostprocessing = 0;
		};
		5253F06F1AA8624E00C458E3 /* Frameworks */ = {
			isa = PBXFrameworksBuildPhase;
			buildActionMask = 2147483647;
			files = (
			);
			runOnlyForDeploymentPostprocessing = 0;
		};
/* End PBXFrameworksBuildPhase section */

/* Begin PBXGroup section */
		5253F0541AA8624E00C458E3 = {
			isa = PBXGroup;
			children = (
				52D1CCCC1AD81DA300032AF6 /* CoreLocation.framework */,
				5253F05F1AA8624E00C458E3 /* FrietApp */,
				5253F0751AA8624E00C458E3 /* FrietAppTests */,
				5253F05E1AA8624E00C458E3 /* Products */,
			);
			sourceTree = "<group>";
		};
		5253F05E1AA8624E00C458E3 /* Products */ = {
			isa = PBXGroup;
			children = (
				5253F05D1AA8624E00C458E3 /* FrietApp.app */,
				5253F0721AA8624E00C458E3 /* FrietAppTests.xctest */,
			);
			name = Products;
			sourceTree = "<group>";
		};
		5253F05F1AA8624E00C458E3 /* FrietApp */ = {
			isa = PBXGroup;
			children = (
				5253F0621AA8624E00C458E3 /* AppDelegate.swift */,
				5253F0641AA8624E00C458E3 /* LoginController.swift */,
				5253F0661AA8624E00C458E3 /* Main.storyboard */,
				521890C31ABC431700E79E42 /* NewGroupController.swift */,
				5253F0691AA8624E00C458E3 /* Images.xcassets */,
				5253F06B1AA8624E00C458E3 /* LaunchScreen.xib */,
				5253F0601AA8624E00C458E3 /* Supporting Files */,
				521890C51ABC445200E79E42 /* GroupController.swift */,
				521890C71ABC4BFB00E79E42 /* OrderListController.swift */,
				CE652E091AD477E5008FF7B1 /* GroupCell.swift */,
				52D6EE541AD5250700613D1A /* Group.swift */,
				52D6EE561AD52DEF00613D1A /* RegistrerenController.swift */,
				52D6EE581AD55FCE00613D1A /* Order.swift */,
				52D6EE5A1AD56EB900613D1A /* OrderCell.swift */,
				CE3771D71AD5C810002E295B /* SettingsController.swift */,
				52411DD61AD67608002941CA /* SortByActiveCell.swift */,
				52411DD81AD67681002941CA /* VibrateCell.swift */,
				52D1CCC21AD7EDCB00032AF6 /* DishesController.swift */,
				52D1CCC41AD7F99100032AF6 /* Dish.swift */,
				52D1CCC61AD7F9B200032AF6 /* DishCell.swift */,
				52D1CCCA1AD816A900032AF6 /* MakeOrderController.swift */,
				52D1CCCE1AD8266800032AF6 /* Snackbar.swift */,
				CEF4EB6A1AD85864009C8F04 /* SnackbarCell.swift */,
			);
			path = FrietApp;
			sourceTree = "<group>";
		};
		5253F0601AA8624E00C458E3 /* Supporting Files */ = {
			isa = PBXGroup;
			children = (
				5253F0611AA8624E00C458E3 /* Info.plist */,
			);
			name = "Supporting Files";
			sourceTree = "<group>";
		};
		5253F0751AA8624E00C458E3 /* FrietAppTests */ = {
			isa = PBXGroup;
			children = (
				5253F0781AA8624E00C458E3 /* FrietAppTests.swift */,
				5253F0761AA8624E00C458E3 /* Supporting Files */,
			);
			path = FrietAppTests;
			sourceTree = "<group>";
		};
		5253F0761AA8624E00C458E3 /* Supporting Files */ = {
			isa = PBXGroup;
			children = (
				5253F0771AA8624E00C458E3 /* Info.plist */,
			);
			name = "Supporting Files";
			sourceTree = "<group>";
		};
/* End PBXGroup section */

/* Begin PBXNativeTarget section */
		5253F05C1AA8624E00C458E3 /* FrietApp */ = {
			isa = PBXNativeTarget;
			buildConfigurationList = 5253F07C1AA8624E00C458E3 /* Build configuration list for PBXNativeTarget "FrietApp" */;
			buildPhases = (
				5253F0591AA8624E00C458E3 /* Sources */,
				5253F05A1AA8624E00C458E3 /* Frameworks */,
				5253F05B1AA8624E00C458E3 /* Resources */,
			);
			buildRules = (
			);
			dependencies = (
			);
			name = FrietApp;
			productName = FrietApp;
			productReference = 5253F05D1AA8624E00C458E3 /* FrietApp.app */;
			productType = "com.apple.product-type.application";
		};
		5253F0711AA8624E00C458E3 /* FrietAppTests */ = {
			isa = PBXNativeTarget;
			buildConfigurationList = 5253F07F1AA8624E00C458E3 /* Build configuration list for PBXNativeTarget "FrietAppTests" */;
			buildPhases = (
				5253F06E1AA8624E00C458E3 /* Sources */,
				5253F06F1AA8624E00C458E3 /* Frameworks */,
				5253F0701AA8624E00C458E3 /* Resources */,
			);
			buildRules = (
			);
			dependencies = (
				5253F0741AA8624E00C458E3 /* PBXTargetDependency */,
			);
			name = FrietAppTests;
			productName = FrietAppTests;
			productReference = 5253F0721AA8624E00C458E3 /* FrietAppTests.xctest */;
			productType = "com.apple.product-type.bundle.unit-test";
		};
/* End PBXNativeTarget section */

/* Begin PBXProject section */
		5253F0551AA8624E00C458E3 /* Project object */ = {
			isa = PBXProject;
			attributes = {
				LastUpgradeCheck = 0610;
				ORGANIZATIONNAME = "Erik Brandsma";
				TargetAttributes = {
					5253F05C1AA8624E00C458E3 = {
						CreatedOnToolsVersion = 6.1.1;
					};
					5253F0711AA8624E00C458E3 = {
						CreatedOnToolsVersion = 6.1.1;
						TestTargetID = 5253F05C1AA8624E00C458E3;
					};
				};
			};
			buildConfigurationList = 5253F0581AA8624E00C458E3 /* Build configuration list for PBXProject "FrietApp" */;
			compatibilityVersion = "Xcode 3.2";
			developmentRegion = English;
			hasScannedForEncodings = 0;
			knownRegions = (
				en,
				Base,
			);
			mainGroup = 5253F0541AA8624E00C458E3;
			productRefGroup = 5253F05E1AA8624E00C458E3 /* Products */;
			projectDirPath = "";
			projectRoot = "";
			targets = (
				5253F05C1AA8624E00C458E3 /* FrietApp */,
				5253F0711AA8624E00C458E3 /* FrietAppTests */,
			);
		};
/* End PBXProject section */

/* Begin PBXResourcesBuildPhase section */
		5253F05B1AA8624E00C458E3 /* Resources */ = {
			isa = PBXResourcesBuildPhase;
			buildActionMask = 2147483647;
			files = (
				5253F0681AA8624E00C458E3 /* Main.storyboard in Resources */,
				5253F06D1AA8624E00C458E3 /* LaunchScreen.xib in Resources */,
				5253F06A1AA8624E00C458E3 /* Images.xcassets in Resources */,
			);
			runOnlyForDeploymentPostprocessing = 0;
		};
		5253F0701AA8624E00C458E3 /* Resources */ = {
			isa = PBXResourcesBuildPhase;
			buildActionMask = 2147483647;
			files = (
			);
			runOnlyForDeploymentPostprocessing = 0;
		};
/* End PBXResourcesBuildPhase section */

/* Begin PBXSourcesBuildPhase section */
		5253F0591AA8624E00C458E3 /* Sources */ = {
			isa = PBXSourcesBuildPhase;
			buildActionMask = 2147483647;
			files = (
				52D1CCCF1AD8266800032AF6 /* Snackbar.swift in Sources */,
				52D6EE5B1AD56EB900613D1A /* OrderCell.swift in Sources */,
				52D1CCC71AD7F9B200032AF6 /* DishCell.swift in Sources */,
				52D1CCCB1AD816A900032AF6 /* MakeOrderController.swift in Sources */,
				52D6EE551AD5250700613D1A /* Group.swift in Sources */,
				52411DD71AD67608002941CA /* SortByActiveCell.swift in Sources */,
				52D1CCC31AD7EDCB00032AF6 /* DishesController.swift in Sources */,
				52411DD91AD67681002941CA /* VibrateCell.swift in Sources */,
				CEF4EB6B1AD85864009C8F04 /* SnackbarCell.swift in Sources */,
				521890C81ABC4BFB00E79E42 /* OrderListController.swift in Sources */,
				52D1CCC51AD7F99100032AF6 /* Dish.swift in Sources */,
				5253F0651AA8624E00C458E3 /* LoginController.swift in Sources */,
				52D6EE591AD55FCE00613D1A /* Order.swift in Sources */,
				CE3771D81AD5C810002E295B /* SettingsController.swift in Sources */,
				521890C61ABC445200E79E42 /* GroupController.swift in Sources */,
				52D6EE571AD52DEF00613D1A /* RegistrerenController.swift in Sources */,
				CE652E0A1AD477E5008FF7B1 /* GroupCell.swift in Sources */,
				521890C41ABC431700E79E42 /* NewGroupController.swift in Sources */,
				5253F0631AA8624E00C458E3 /* AppDelegate.swift in Sources */,
			);
			runOnlyForDeploymentPostprocessing = 0;
		};
		5253F06E1AA8624E00C458E3 /* Sources */ = {
			isa = PBXSourcesBuildPhase;
			buildActionMask = 2147483647;
			files = (
				5253F0791AA8624E00C458E3 /* FrietAppTests.swift in Sources */,
			);
			runOnlyForDeploymentPostprocessing = 0;
		};
/* End PBXSourcesBuildPhase section */

/* Begin PBXTargetDependency section */
		5253F0741AA8624E00C458E3 /* PBXTargetDependency */ = {
			isa = PBXTargetDependency;
			target = 5253F05C1AA8624E00C458E3 /* FrietApp */;
			targetProxy = 5253F0731AA8624E00C458E3 /* PBXContainerItemProxy */;
		};
/* End PBXTargetDependency section */

/* Begin PBXVariantGroup section */
		5253F0661AA8624E00C458E3 /* Main.storyboard */ = {
			isa = PBXVariantGroup;
			children = (
				5253F0671AA8624E00C458E3 /* Base */,
			);
			name = Main.storyboard;
			sourceTree = "<group>";
		};
		5253F06B1AA8624E00C458E3 /* LaunchScreen.xib */ = {
			isa = PBXVariantGroup;
			children = (
				5253F06C1AA8624E00C458E3 /* Base */,
			);
			name = LaunchScreen.xib;
			sourceTree = "<group>";
		};
/* End PBXVariantGroup section */

/* Begin XCBuildConfiguration section */
		5253F07A1AA8624E00C458E3 /* Debug */ = {
			isa = XCBuildConfiguration;
			buildSettings = {
				ALWAYS_SEARCH_USER_PATHS = NO;
				CLANG_CXX_LANGUAGE_STANDARD = "gnu++0x";
				CLANG_CXX_LIBRARY = "libc++";
				CLANG_ENABLE_MODULES = YES;
				CLANG_ENABLE_OBJC_ARC = YES;
				CLANG_WARN_BOOL_CONVERSION = YES;
				CLANG_WARN_CONSTANT_CONVERSION = YES;
				CLANG_WARN_DIRECT_OBJC_ISA_USAGE = YES_ERROR;
				CLANG_WARN_EMPTY_BODY = YES;
				CLANG_WARN_ENUM_CONVERSION = YES;
				CLANG_WARN_INT_CONVERSION = YES;
				CLANG_WARN_OBJC_ROOT_CLASS = YES_ERROR;
				CLANG_WARN_UNREACHABLE_CODE = YES;
				CLANG_WARN__DUPLICATE_METHOD_MATCH = YES;
				"CODE_SIGN_IDENTITY[sdk=iphoneos*]" = "iPhone Developer";
				COPY_PHASE_STRIP = NO;
				ENABLE_STRICT_OBJC_MSGSEND = YES;
				GCC_C_LANGUAGE_STANDARD = gnu99;
				GCC_DYNAMIC_NO_PIC = NO;
				GCC_OPTIMIZATION_LEVEL = 0;
				GCC_PREPROCESSOR_DEFINITIONS = (
					"DEBUG=1",
					"$(inherited)",
				);
				GCC_SYMBOLS_PRIVATE_EXTERN = NO;
				GCC_WARN_64_TO_32_BIT_CONVERSION = YES;
				GCC_WARN_ABOUT_RETURN_TYPE = YES_ERROR;
				GCC_WARN_UNDECLARED_SELECTOR = YES;
				GCC_WARN_UNINITIALIZED_AUTOS = YES_AGGRESSIVE;
				GCC_WARN_UNUSED_FUNCTION = YES;
				GCC_WARN_UNUSED_VARIABLE = YES;
				IPHONEOS_DEPLOYMENT_TARGET = 8.1;
				MTL_ENABLE_DEBUG_INFO = YES;
				ONLY_ACTIVE_ARCH = YES;
				SDKROOT = iphoneos;
				SWIFT_OPTIMIZATION_LEVEL = "-Onone";
				TARGETED_DEVICE_FAMILY = "1,2";
			};
			name = Debug;
		};
		5253F07B1AA8624E00C458E3 /* Release */ = {
			isa = XCBuildConfiguration;
			buildSettings = {
				ALWAYS_SEARCH_USER_PATHS = NO;
				CLANG_CXX_LANGUAGE_STANDARD = "gnu++0x";
				CLANG_CXX_LIBRARY = "libc++";
				CLANG_ENABLE_MODULES = YES;
				CLANG_ENABLE_OBJC_ARC = YES;
				CLANG_WARN_BOOL_CONVERSION = YES;
				CLANG_WARN_CONSTANT_CONVERSION = YES;
				CLANG_WARN_DIRECT_OBJC_ISA_USAGE = YES_ERROR;
				CLANG_WARN_EMPTY_BODY = YES;
				CLANG_WARN_ENUM_CONVERSION = YES;
				CLANG_WARN_INT_CONVERSION = YES;
				CLANG_WARN_OBJC_ROOT_CLASS = YES_ERROR;
				CLANG_WARN_UNREACHABLE_CODE = YES;
				CLANG_WARN__DUPLICATE_METHOD_MATCH = YES;
				"CODE_SIGN_IDENTITY[sdk=iphoneos*]" = "iPhone Developer";
				COPY_PHASE_STRIP = YES;
				ENABLE_NS_ASSERTIONS = NO;
				ENABLE_STRICT_OBJC_MSGSEND = YES;
				GCC_C_LANGUAGE_STANDARD = gnu99;
				GCC_WARN_64_TO_32_BIT_CONVERSION = YES;
				GCC_WARN_ABOUT_RETURN_TYPE = YES_ERROR;
				GCC_WARN_UNDECLARED_SELECTOR = YES;
				GCC_WARN_UNINITIALIZED_AUTOS = YES_AGGRESSIVE;
				GCC_WARN_UNUSED_FUNCTION = YES;
				GCC_WARN_UNUSED_VARIABLE = YES;
				IPHONEOS_DEPLOYMENT_TARGET = 8.1;
				MTL_ENABLE_DEBUG_INFO = NO;
				SDKROOT = iphoneos;
				TARGETED_DEVICE_FAMILY = "1,2";
				VALIDATE_PRODUCT = YES;
			};
			name = Release;
		};
		5253F07D1AA8624E00C458E3 /* Debug */ = {
			isa = XCBuildConfiguration;
			buildSettings = {
				ASSETCATALOG_COMPILER_APPICON_NAME = AppIcon;
				CODE_SIGN_IDENTITY = "iPhone Developer";
				INFOPLIST_FILE = FrietApp/Info.plist;
				IPHONEOS_DEPLOYMENT_TARGET = 7.0;
				LD_RUNPATH_SEARCH_PATHS = "$(inherited) @executable_path/Frameworks";
				PRODUCT_NAME = "$(TARGET_NAME)";
			};
			name = Debug;
		};
		5253F07E1AA8624E00C458E3 /* Release */ = {
			isa = XCBuildConfiguration;
			buildSettings = {
				ASSETCATALOG_COMPILER_APPICON_NAME = AppIcon;
				CODE_SIGN_IDENTITY = "iPhone Developer";
				INFOPLIST_FILE = FrietApp/Info.plist;
				IPHONEOS_DEPLOYMENT_TARGET = 7.0;
				LD_RUNPATH_SEARCH_PATHS = "$(inherited) @executable_path/Frameworks";
				PRODUCT_NAME = "$(TARGET_NAME)";
			};
			name = Release;
		};
		5253F0801AA8624E00C458E3 /* Debug */ = {
			isa = XCBuildConfiguration;
			buildSettings = {
				BUNDLE_LOADER = "$(TEST_HOST)";
				FRAMEWORK_SEARCH_PATHS = (
					"$(SDKROOT)/Developer/Library/Frameworks",
					"$(inherited)",
				);
				GCC_PREPROCESSOR_DEFINITIONS = (
					"DEBUG=1",
					"$(inherited)",
				);
				INFOPLIST_FILE = FrietAppTests/Info.plist;
				LD_RUNPATH_SEARCH_PATHS = "$(inherited) @executable_path/Frameworks @loader_path/Frameworks";
				PRODUCT_NAME = "$(TARGET_NAME)";
				TEST_HOST = "$(BUILT_PRODUCTS_DIR)/FrietApp.app/FrietApp";
			};
			name = Debug;
		};
		5253F0811AA8624E00C458E3 /* Release */ = {
			isa = XCBuildConfiguration;
			buildSettings = {
				BUNDLE_LOADER = "$(TEST_HOST)";
				FRAMEWORK_SEARCH_PATHS = (
					"$(SDKROOT)/Developer/Library/Frameworks",
					"$(inherited)",
				);
				INFOPLIST_FILE = FrietAppTests/Info.plist;
				LD_RUNPATH_SEARCH_PATHS = "$(inherited) @executable_path/Frameworks @loader_path/Frameworks";
				PRODUCT_NAME = "$(TARGET_NAME)";
				TEST_HOST = "$(BUILT_PRODUCTS_DIR)/FrietApp.app/FrietApp";
			};
			name = Release;
		};
/* End XCBuildConfiguration section */

/* Begin XCConfigurationList section */
		5253F0581AA8624E00C458E3 /* Build configuration list for PBXProject "FrietApp" */ = {
			isa = XCConfigurationList;
			buildConfigurations = (
				5253F07A1AA8624E00C458E3 /* Debug */,
				5253F07B1AA8624E00C458E3 /* Release */,
			);
			defaultConfigurationIsVisible = 0;
			defaultConfigurationName = Release;
		};
		5253F07C1AA8624E00C458E3 /* Build configuration list for PBXNativeTarget "FrietApp" */ = {
			isa = XCConfigurationList;
			buildConfigurations = (
				5253F07D1AA8624E00C458E3 /* Debug */,
				5253F07E1AA8624E00C458E3 /* Release */,
			);
			defaultConfigurationIsVisible = 0;
			defaultConfigurationName = Release;
		};
		5253F07F1AA8624E00C458E3 /* Build configuration list for PBXNativeTarget "FrietAppTests" */ = {
			isa = XCConfigurationList;
			buildConfigurations = (
				5253F0801AA8624E00C458E3 /* Debug */,
				5253F0811AA8624E00C458E3 /* Release */,
			);
			defaultConfigurationIsVisible = 0;
			defaultConfigurationName = Release;
		};
/* End XCConfigurationList section */
	};
	rootObject = 5253F0551AA8624E00C458E3 /* Project object */;
}
